
Microsoft Visual Studio Solution File, Format Version 12.00
# Visual Studio Version 17
VisualStudioVersion = 17.9.34723.18
MinimumVisualStudioVersion = 10.0.40219.1
Project("{FAE04EC0-301F-11D3-BF4B-00C04F79EFBC}") = "DonorFlow.API", "DonorFlow.API\DonorFlow.API.csproj", "{739D0CF0-66C5-445A-A8CC-32506DC27C5D}"
EndProject
Project("{FAE04EC0-301F-11D3-BF4B-00C04F79EFBC}") = "DonorFlow.Application", "DonorFlow.Application\DonorFlow.Application.csproj", "{BC76A1D4-DD63-4589-AEC7-8ED9D16E2E57}"
EndProject
Project("{FAE04EC0-301F-11D3-BF4B-00C04F79EFBC}") = "DonorFlow.Core", "DonorFlow.Core\DonorFlow.Core.csproj", "{69FCF1A0-0499-4204-AC14-D3A1FC4CBCA8}"
EndProject
Project("{FAE04EC0-301F-11D3-BF4B-00C04F79EFBC}") = "DonorFlow.Infrastructure", "DonorFlow.Infrastructure\DonorFlow.Infrastructure.csproj", "{8F049B71-0D75-4D9B-AC2C-26F1D1D2CAD5}"
EndProject
Project("{FAE04EC0-301F-11D3-BF4B-00C04F79EFBC}") = "DonorFlow.Utilities", "DonorFlow.Utilities\DonorFlow.Utilities.csproj", "{A5B43DF0-45B4-4FA8-9BC8-1D8BDBD64583}"
EndProject
Global
	GlobalSection(SolutionConfigurationPlatforms) = preSolution
		Debug|Any CPU = Debug|Any CPU
		Release|Any CPU = Release|Any CPU
	EndGlobalSection
	GlobalSection(ProjectConfigurationPlatforms) = postSolution
		{739D0CF0-66C5-445A-A8CC-32506DC27C5D}.Debug|Any CPU.ActiveCfg = Debug|Any CPU
		{739D0CF0-66C5-445A-A8CC-32506DC27C5D}.Debug|Any CPU.Build.0 = Debug|Any CPU
		{739D0CF0-66C5-445A-A8CC-32506DC27C5D}.Release|Any CPU.ActiveCfg = Release|Any CPU
		{739D0CF0-66C5-445A-A8CC-32506DC27C5D}.Release|Any CPU.Build.0 = Release|Any CPU
		{BC76A1D4-DD63-4589-AEC7-8ED9D16E2E57}.Debug|Any CPU.ActiveCfg = Debug|Any CPU
		{BC76A1D4-DD63-4589-AEC7-8ED9D16E2E57}.Debug|Any CPU.Build.0 = Debug|Any CPU
		{BC76A1D4-DD63-4589-AEC7-8ED9D16E2E57}.Release|Any CPU.ActiveCfg = Release|Any CPU
		{BC76A1D4-DD63-4589-AEC7-8ED9D16E2E57}.Release|Any CPU.Build.0 = Release|Any CPU
		{69FCF1A0-0499-4204-AC14-D3A1FC4CBCA8}.Debug|Any CPU.ActiveCfg = Debug|Any CPU
		{69FCF1A0-0499-4204-AC14-D3A1FC4CBCA8}.Debug|Any CPU.Build.0 = Debug|Any CPU
		{69FCF1A0-0499-4204-AC14-D3A1FC4CBCA8}.Release|Any CPU.ActiveCfg = Release|Any CPU
		{69FCF1A0-0499-4204-AC14-D3A1FC4CBCA8}.Release|Any CPU.Build.0 = Release|Any CPU
		{8F049B71-0D75-4D9B-AC2C-26F1D1D2CAD5}.Debug|Any CPU.ActiveCfg = Debug|Any CPU
		{8F049B71-0D75-4D9B-AC2C-26F1D1D2CAD5}.Debug|Any CPU.Build.0 = Debug|Any CPU
		{8F049B71-0D75-4D9B-AC2C-26F1D1D2CAD5}.Release|Any CPU.ActiveCfg = Release|Any CPU
		{8F049B71-0D75-4D9B-AC2C-26F1D1D2CAD5}.Release|Any CPU.Build.0 = Release|Any CPU
		{A5B43DF0-45B4-4FA8-9BC8-1D8BDBD64583}.Debug|Any CPU.ActiveCfg = Debug|Any CPU
		{A5B43DF0-45B4-4FA8-9BC8-1D8BDBD64583}.Debug|Any CPU.Build.0 = Debug|Any CPU
		{A5B43DF0-45B4-4FA8-9BC8-1D8BDBD64583}.Release|Any CPU.ActiveCfg = Release|Any CPU
		{A5B43DF0-45B4-4FA8-9BC8-1D8BDBD64583}.Release|Any CPU.Build.0 = Release|Any CPU
	EndGlobalSection
	GlobalSection(SolutionProperties) = preSolution
		HideSolutionNode = FALSE
	EndGlobalSection
	GlobalSection(ExtensibilityGlobals) = postSolution
		SolutionGuid = {563B1D75-405A-4D48-A02D-357E7928F226}
	EndGlobalSection
EndGlobal
